// !$*UTF8*$!
{
	archiveVersion = 1;
	classes = {
	};
	objectVersion = 55;
	objects = {

/* Begin PBXBuildFile section */
		13D5B115294C08E000C10E28 /* main.cpp in Sources */ = {isa = PBXBuildFile; fileRef = 13D5B114294C08E000C10E28 /* main.cpp */; };
		13D5B11D294C0A3E00C10E28 /* Game.cpp in Sources */ = {isa = PBXBuildFile; fileRef = 13D5B11B294C0A3E00C10E28 /* Game.cpp */; };
		13D5B120294C0A7C00C10E28 /* GLUT.framework in Frameworks */ = {isa = PBXBuildFile; fileRef = 13D5B11F294C0A7C00C10E28 /* GLUT.framework */; };
		13D5B123294C0AE600C10E28 /* libSDL2_ttf-2.0.0.dylib in Frameworks */ = {isa = PBXBuildFile; fileRef = 13D5B121294C0AE600C10E28 /* libSDL2_ttf-2.0.0.dylib */; };
		13D5B124294C0AE600C10E28 /* libSDL2_ttf-2.0.0.dylib in Embed Libraries */ = {isa = PBXBuildFile; fileRef = 13D5B121294C0AE600C10E28 /* libSDL2_ttf-2.0.0.dylib */; settings = {ATTRIBUTES = (CodeSignOnCopy, ); }; };
		13D5B125294C0AE600C10E28 /* libSDL_mixer-1.2.0.dylib in Frameworks */ = {isa = PBXBuildFile; fileRef = 13D5B122294C0AE600C10E28 /* libSDL_mixer-1.2.0.dylib */; };
		13D5B126294C0AE600C10E28 /* libSDL_mixer-1.2.0.dylib in Embed Libraries */ = {isa = PBXBuildFile; fileRef = 13D5B122294C0AE600C10E28 /* libSDL_mixer-1.2.0.dylib */; settings = {ATTRIBUTES = (CodeSignOnCopy, ); }; };
		13D5B129294C0B0400C10E28 /* libSDL2-2.0.0.dylib in Frameworks */ = {isa = PBXBuildFile; fileRef = 13D5B128294C0B0400C10E28 /* libSDL2-2.0.0.dylib */; };
		13D5B12A294C0B0400C10E28 /* libSDL2-2.0.0.dylib in Embed Libraries */ = {isa = PBXBuildFile; fileRef = 13D5B128294C0B0400C10E28 /* libSDL2-2.0.0.dylib */; settings = {ATTRIBUTES = (CodeSignOnCopy, ); }; };
		13D5B12C294C0B1900C10E28 /* OpenGL.framework in Frameworks */ = {isa = PBXBuildFile; fileRef = 13D5B12B294C0B1900C10E28 /* OpenGL.framework */; };
/* End PBXBuildFile section */

/* Begin PBXCopyFilesBuildPhase section */
		13D5B10F294C08E000C10E28 /* CopyFiles */ = {
			isa = PBXCopyFilesBuildPhase;
			buildActionMask = 2147483647;
			dstPath = /usr/share/man/man1/;
			dstSubfolderSpec = 0;
			files = (
			);
			runOnlyForDeploymentPostprocessing = 1;
		};
		13D5B127294C0AE600C10E28 /* Embed Libraries */ = {
			isa = PBXCopyFilesBuildPhase;
			buildActionMask = 2147483647;
			dstPath = "";
			dstSubfolderSpec = 10;
			files = (
				13D5B12A294C0B0400C10E28 /* libSDL2-2.0.0.dylib in Embed Libraries */,
				13D5B126294C0AE600C10E28 /* libSDL_mixer-1.2.0.dylib in Embed Libraries */,
				13D5B124294C0AE600C10E28 /* libSDL2_ttf-2.0.0.dylib in Embed Libraries */,
			);
			name = "Embed Libraries";
			runOnlyForDeploymentPostprocessing = 0;
		};
/* End PBXCopyFilesBuildPhase section */

/* Begin PBXFileReference section */
		13D5B111294C08E000C10E28 /* C++PE2022-Final */ = {isa = PBXFileReference; explicitFileType = "compiled.mach-o.executable"; includeInIndex = 0; path = "C++PE2022-Final"; sourceTree = BUILT_PRODUCTS_DIR; };
		13D5B114294C08E000C10E28 /* main.cpp */ = {isa = PBXFileReference; lastKnownFileType = sourcecode.cpp.cpp; path = main.cpp; sourceTree = "<group>"; };
		13D5B11B294C0A3E00C10E28 /* Game.cpp */ = {isa = PBXFileReference; lastKnownFileType = sourcecode.cpp.cpp; path = Game.cpp; sourceTree = "<group>"; };
		13D5B11C294C0A3E00C10E28 /* Game.hpp */ = {isa = PBXFileReference; lastKnownFileType = sourcecode.cpp.h; path = Game.hpp; sourceTree = "<group>"; };
		13D5B11F294C0A7C00C10E28 /* GLUT.framework */ = {isa = PBXFileReference; lastKnownFileType = wrapper.framework; name = GLUT.framework; path = System/Library/Frameworks/GLUT.framework; sourceTree = SDKROOT; };
		13D5B121294C0AE600C10E28 /* libSDL2_ttf-2.0.0.dylib */ = {isa = PBXFileReference; lastKnownFileType = "compiled.mach-o.dylib"; name = "libSDL2_ttf-2.0.0.dylib"; path = "../../../usr/local/Cellar/sdl2_ttf/2.20.1/lib/libSDL2_ttf-2.0.0.dylib"; sourceTree = "<group>"; };
		13D5B122294C0AE600C10E28 /* libSDL_mixer-1.2.0.dylib */ = {isa = PBXFileReference; lastKnownFileType = "compiled.mach-o.dylib"; name = "libSDL_mixer-1.2.0.dylib"; path = "../../../usr/local/Cellar/sdl_mixer/1.2.12_5/lib/libSDL_mixer-1.2.0.dylib"; sourceTree = "<group>"; };
		13D5B128294C0B0400C10E28 /* libSDL2-2.0.0.dylib */ = {isa = PBXFileReference; lastKnownFileType = "compiled.mach-o.dylib"; name = "libSDL2-2.0.0.dylib"; path = "../../../usr/local/Cellar/sdl2/2.26.1/lib/libSDL2-2.0.0.dylib"; sourceTree = "<group>"; };
		13D5B12B294C0B1900C10E28 /* OpenGL.framework */ = {isa = PBXFileReference; lastKnownFileType = wrapper.framework; name = OpenGL.framework; path = System/Library/Frameworks/OpenGL.framework; sourceTree = SDKROOT; };
/* End PBXFileReference section */

/* Begin PBXFrameworksBuildPhase section */
		13D5B10E294C08E000C10E28 /* Frameworks */ = {
			isa = PBXFrameworksBuildPhase;
			buildActionMask = 2147483647;
			files = (
				13D5B129294C0B0400C10E28 /* libSDL2-2.0.0.dylib in Frameworks */,
				13D5B120294C0A7C00C10E28 /* GLUT.framework in Frameworks */,
				13D5B123294C0AE600C10E28 /* libSDL2_ttf-2.0.0.dylib in Frameworks */,
				13D5B12C294C0B1900C10E28 /* OpenGL.framework in Frameworks */,
				13D5B125294C0AE600C10E28 /* libSDL_mixer-1.2.0.dylib in Frameworks */,
			);
			runOnlyForDeploymentPostprocessing = 0;
		};
/* End PBXFrameworksBuildPhase section */

/* Begin PBXGroup section */
		13D5B108294C08E000C10E28 = {
			isa = PBXGroup;
			children = (
				13D5B113294C08E000C10E28 /* C++PE2022-Final */,
				13D5B112294C08E000C10E28 /* Products */,
				13D5B11E294C0A7C00C10E28 /* Frameworks */,
			);
			sourceTree = "<group>";
		};
		13D5B112294C08E000C10E28 /* Products */ = {
			isa = PBXGroup;
			children = (
				13D5B111294C08E000C10E28 /* C++PE2022-Final */,
			);
			name = Products;
			sourceTree = "<group>";
		};
		13D5B113294C08E000C10E28 /* C++PE2022-Final */ = {
			isa = PBXGroup;
			children = (
				13D5B114294C08E000C10E28 /* main.cpp */,
				13D5B11B294C0A3E00C10E28 /* Game.cpp */,
				13D5B11C294C0A3E00C10E28 /* Game.hpp */,
			);
			path = "C++PE2022-Final";
			sourceTree = "<group>";
		};
		13D5B11E294C0A7C00C10E28 /* Frameworks */ = {
			isa = PBXGroup;
			children = (
				13D5B12B294C0B1900C10E28 /* OpenGL.framework */,
				13D5B128294C0B0400C10E28 /* libSDL2-2.0.0.dylib */,
				13D5B122294C0AE600C10E28 /* libSDL_mixer-1.2.0.dylib */,
				13D5B121294C0AE600C10E28 /* libSDL2_ttf-2.0.0.dylib */,
				13D5B11F294C0A7C00C10E28 /* GLUT.framework */,
			);
			name = Frameworks;
			sourceTree = "<group>";
		};
/* End PBXGroup section */

/* Begin PBXNativeTarget section */
		13D5B110294C08E000C10E28 /* C++PE2022-Final */ = {
			isa = PBXNativeTarget;
			buildConfigurationList = 13D5B118294C08E000C10E28 /* Build configuration list for PBXNativeTarget "C++PE2022-Final" */;
			buildPhases = (
				13D5B10D294C08E000C10E28 /* Sources */,
				13D5B10E294C08E000C10E28 /* Frameworks */,
				13D5B10F294C08E000C10E28 /* CopyFiles */,
				13D5B127294C0AE600C10E28 /* Embed Libraries */,
			);
			buildRules = (
			);
			dependencies = (
			);
			name = "C++PE2022-Final";
			productName = "C++PE2022-Final";
			productReference = 13D5B111294C08E000C10E28 /* C++PE2022-Final */;
			productType = "com.apple.product-type.tool";
		};
/* End PBXNativeTarget section */

/* Begin PBXProject section */
		13D5B109294C08E000C10E28 /* Project object */ = {
			isa = PBXProject;
			attributes = {
				BuildIndependentTargetsInParallel = 1;
				LastUpgradeCheck = 1340;
				TargetAttributes = {
					13D5B110294C08E000C10E28 = {
						CreatedOnToolsVersion = 13.4.1;
					};
				};
			};
			buildConfigurationList = 13D5B10C294C08E000C10E28 /* Build configuration list for PBXProject "C++PE2022-Final" */;
			compatibilityVersion = "Xcode 13.0";
			developmentRegion = en;
			hasScannedForEncodings = 0;
			knownRegions = (
				en,
				Base,
			);
			mainGroup = 13D5B108294C08E000C10E28;
			productRefGroup = 13D5B112294C08E000C10E28 /* Products */;
			projectDirPath = "";
			projectRoot = "";
			targets = (
				13D5B110294C08E000C10E28 /* C++PE2022-Final */,
			);
		};
/* End PBXProject section */

/* Begin PBXSourcesBuildPhase section */
		13D5B10D294C08E000C10E28 /* Sources */ = {
			isa = PBXSourcesBuildPhase;
			buildActionMask = 2147483647;
			files = (
				13D5B115294C08E000C10E28 /* main.cpp in Sources */,
				13D5B11D294C0A3E00C10E28 /* Game.cpp in Sources */,
			);
			runOnlyForDeploymentPostprocessing = 0;
		};
/* End PBXSourcesBuildPhase section */

/* Begin XCBuildConfiguration section */
		13D5B116294C08E000C10E28 /* Debug */ = {
			isa = XCBuildConfiguration;
			buildSettings = {
				ALWAYS_SEARCH_USER_PATHS = NO;
				CLANG_ANALYZER_NONNULL = YES;
				CLANG_ANALYZER_NUMBER_OBJECT_CONVERSION = YES_AGGRESSIVE;
				CLANG_CXX_LANGUAGE_STANDARD = "gnu++17";
				CLANG_ENABLE_MODULES = YES;
				CLANG_ENABLE_OBJC_ARC = YES;
				CLANG_ENABLE_OBJC_WEAK = YES;
				CLANG_WARN_BLOCK_CAPTURE_AUTORELEASING = YES;
				CLANG_WARN_BOOL_CONVERSION = YES;
				CLANG_WARN_COMMA = YES;
				CLANG_WARN_CONSTANT_CONVERSION = YES;
				CLANG_WARN_DEPRECATED_OBJC_IMPLEMENTATIONS = YES;
				CLANG_WARN_DIRECT_OBJC_ISA_USAGE = YES_ERROR;
				CLANG_WARN_DOCUMENTATION_COMMENTS = YES;
				CLANG_WARN_EMPTY_BODY = YES;
				CLANG_WARN_ENUM_CONVERSION = YES;
				CLANG_WARN_INFINITE_RECURSION = YES;
				CLANG_WARN_INT_CONVERSION = YES;
				CLANG_WARN_NON_LITERAL_NULL_CONVERSION = YES;
				CLANG_WARN_OBJC_IMPLICIT_RETAIN_SELF = YES;
				CLANG_WARN_OBJC_LITERAL_CONVERSION = YES;
				CLANG_WARN_OBJC_ROOT_CLASS = YES_ERROR;
				CLANG_WARN_QUOTED_INCLUDE_IN_FRAMEWORK_HEADER = YES;
				CLANG_WARN_RANGE_LOOP_ANALYSIS = YES;
				CLANG_WARN_STRICT_PROTOTYPES = YES;
				CLANG_WARN_SUSPICIOUS_MOVE = YES;
				CLANG_WARN_UNGUARDED_AVAILABILITY = YES_AGGRESSIVE;
				CLANG_WARN_UNREACHABLE_CODE = YES;
				CLANG_WARN__DUPLICATE_METHOD_MATCH = YES;
				COPY_PHASE_STRIP = NO;
				DEBUG_INFORMATION_FORMAT = dwarf;
				ENABLE_STRICT_OBJC_MSGSEND = YES;
				ENABLE_TESTABILITY = YES;
				GCC_C_LANGUAGE_STANDARD = gnu11;
				GCC_DYNAMIC_NO_PIC = NO;
				GCC_NO_COMMON_BLOCKS = YES;
				GCC_OPTIMIZATION_LEVEL = 0;
				GCC_PREPROCESSOR_DEFINITIONS = (
					"DEBUG=1",
					"$(inherited)",
				);
				GCC_WARN_64_TO_32_BIT_CONVERSION = YES;
				GCC_WARN_ABOUT_RETURN_TYPE = YES_ERROR;
				GCC_WARN_UNDECLARED_SELECTOR = YES;
				GCC_WARN_UNINITIALIZED_AUTOS = YES_AGGRESSIVE;
				GCC_WARN_UNUSED_FUNCTION = YES;
				GCC_WARN_UNUSED_VARIABLE = YES;
				MACOSX_DEPLOYMENT_TARGET = 12.3;
				MTL_ENABLE_DEBUG_INFO = INCLUDE_SOURCE;
				MTL_FAST_MATH = YES;
				ONLY_ACTIVE_ARCH = YES;
				SDKROOT = macosx;
			};
			name = Debug;
		};
		13D5B117294C08E000C10E28 /* Release */ = {
			isa = XCBuildConfiguration;
			buildSettings = {
				ALWAYS_SEARCH_USER_PATHS = NO;
				CLANG_ANALYZER_NONNULL = YES;
				CLANG_ANALYZER_NUMBER_OBJECT_CONVERSION = YES_AGGRESSIVE;
				CLANG_CXX_LANGUAGE_STANDARD = "gnu++17";
				CLANG_ENABLE_MODULES = YES;
				CLANG_ENABLE_OBJC_ARC = YES;
				CLANG_ENABLE_OBJC_WEAK = YES;
				CLANG_WARN_BLOCK_CAPTURE_AUTORELEASING = YES;
				CLANG_WARN_BOOL_CONVERSION = YES;
				CLANG_WARN_COMMA = YES;
				CLANG_WARN_CONSTANT_CONVERSION = YES;
				CLANG_WARN_DEPRECATED_OBJC_IMPLEMENTATIONS = YES;
				CLANG_WARN_DIRECT_OBJC_ISA_USAGE = YES_ERROR;
				CLANG_WARN_DOCUMENTATION_COMMENTS = YES;
				CLANG_WARN_EMPTY_BODY = YES;
				CLANG_WARN_ENUM_CONVERSION = YES;
				CLANG_WARN_INFINITE_RECURSION = YES;
				CLANG_WARN_INT_CONVERSION = YES;
				CLANG_WARN_NON_LITERAL_NULL_CONVERSION = YES;
				CLANG_WARN_OBJC_IMPLICIT_RETAIN_SELF = YES;
				CLANG_WARN_OBJC_LITERAL_CONVERSION = YES;
				CLANG_WARN_OBJC_ROOT_CLASS = YES_ERROR;
				CLANG_WARN_QUOTED_INCLUDE_IN_FRAMEWORK_HEADER = YES;
				CLANG_WARN_RANGE_LOOP_ANALYSIS = YES;
				CLANG_WARN_STRICT_PROTOTYPES = YES;
				CLANG_WARN_SUSPICIOUS_MOVE = YES;
				CLANG_WARN_UNGUARDED_AVAILABILITY = YES_AGGRESSIVE;
				CLANG_WARN_UNREACHABLE_CODE = YES;
				CLANG_WARN__DUPLICATE_METHOD_MATCH = YES;
				COPY_PHASE_STRIP = NO;
				DEBUG_INFORMATION_FORMAT = "dwarf-with-dsym";
				ENABLE_NS_ASSERTIONS = NO;
				ENABLE_STRICT_OBJC_MSGSEND = YES;
				GCC_C_LANGUAGE_STANDARD = gnu11;
				GCC_NO_COMMON_BLOCKS = YES;
				GCC_WARN_64_TO_32_BIT_CONVERSION = YES;
				GCC_WARN_ABOUT_RETURN_TYPE = YES_ERROR;
				GCC_WARN_UNDECLARED_SELECTOR = YES;
				GCC_WARN_UNINITIALIZED_AUTOS = YES_AGGRESSIVE;
				GCC_WARN_UNUSED_FUNCTION = YES;
				GCC_WARN_UNUSED_VARIABLE = YES;
				MACOSX_DEPLOYMENT_TARGET = 12.3;
				MTL_ENABLE_DEBUG_INFO = NO;
				MTL_FAST_MATH = YES;
				SDKROOT = macosx;
			};
			name = Release;
		};
		13D5B119294C08E000C10E28 /* Debug */ = {
			isa = XCBuildConfiguration;
			buildSettings = {
				CODE_SIGN_STYLE = Automatic;
				HEADER_SEARCH_PATHS = /usr/local/include;
				LIBRARY_SEARCH_PATHS = (
					"$(inherited)",
					/usr/local/Cellar/sdl2_ttf/2.20.1/lib,
					/usr/local/Cellar/sdl_mixer/1.2.12_5/lib,
					/usr/local/Cellar/sdl2/2.26.1/lib,
					/usr/local/lib,
				);
				PRODUCT_NAME = "$(TARGET_NAME)";
			};
			name = Debug;
		};
		13D5B11A294C08E000C10E28 /* Release */ = {
			isa = XCBuildConfiguration;
			buildSettings = {
				CODE_SIGN_STYLE = Automatic;
				HEADER_SEARCH_PATHS = /usr/local/include;
				LIBRARY_SEARCH_PATHS = (
					"$(inherited)",
					/usr/local/Cellar/sdl2_ttf/2.20.1/lib,
					/usr/local/Cellar/sdl_mixer/1.2.12_5/lib,
					/usr/local/Cellar/sdl2/2.26.1/lib,
					/usr/local/lib,
				);
				PRODUCT_NAME = "$(TARGET_NAME)";
			};
			name = Release;
		};
/* End XCBuildConfiguration section */

/* Begin XCConfigurationList section */
		13D5B10C294C08E000C10E28 /* Build configuration list for PBXProject "C++PE2022-Final" */ = {
			isa = XCConfigurationList;
			buildConfigurations = (
				13D5B116294C08E000C10E28 /* Debug */,
				13D5B117294C08E000C10E28 /* Release */,
			);
			defaultConfigurationIsVisible = 0;
			defaultConfigurationName = Release;
		};
		13D5B118294C08E000C10E28 /* Build configuration list for PBXNativeTarget "C++PE2022-Final" */ = {
			isa = XCConfigurationList;
			buildConfigurations = (
				13D5B119294C08E000C10E28 /* Debug */,
				13D5B11A294C08E000C10E28 /* Release */,
			);
			defaultConfigurationIsVisible = 0;
			defaultConfigurationName = Release;
		};
/* End XCConfigurationList section */
	};
	rootObject = 13D5B109294C08E000C10E28 /* Project object */;
}
